
Microsoft Visual Studio Solution File, Format Version 12.00
# Visual Studio Version 17
VisualStudioVersion = 17.5.33414.496
MinimumVisualStudioVersion = 10.0.40219.1
Project("{FAE04EC0-301F-11D3-BF4B-00C04F79EFBC}") = "JemsWorld", "JemsWorld.csproj", "{CF3B17F5-0D49-40C5-8902-B96C53D65181}"
EndProject
Global
	GlobalSection(SolutionConfigurationPlatforms) = preSolution
		Debug|Any CPU = Debug|Any CPU
		Release|Any CPU = Release|Any CPU
	EndGlobalSection
	GlobalSection(ProjectConfigurationPlatforms) = postSolution
		{CF3B17F5-0D49-40C5-8902-B96C53D65181}.Debug|Any CPU.ActiveCfg = Debug|Any CPU
		{CF3B17F5-0D49-40C5-8902-B96C53D65181}.Debug|Any CPU.Build.0 = Debug|Any CPU
		{CF3B17F5-0D49-40C5-8902-B96C53D65181}.Release|Any CPU.ActiveCfg = Release|Any CPU
		{CF3B17F5-0D49-40C5-8902-B96C53D65181}.Release|Any CPU.Build.0 = Release|Any CPU
	EndGlobalSection
	GlobalSection(SolutionProperties) = preSolution
		HideSolutionNode = FALSE
	EndGlobalSection
	GlobalSection(ExtensibilityGlobals) = postSolution
		SolutionGuid = {C51E0945-DED9-4AB0-8461-44884E58A3A9}
	EndGlobalSection
EndGlobal
